// !$*UTF8*$!
{
	archiveVersion = 1;
	classes = {
	};
	objectVersion = 56;
	objects = {

/* Begin PBXBuildFile section */
		A731CC7C294CC2CF00CA24A6 /* Description.swift in Sources */ = {isa = PBXBuildFile; fileRef = A731CC7B294CC2CF00CA24A6 /* Description.swift */; };
		A74B525A295F30EA00DD2011 /* Github.swift in Sources */ = {isa = PBXBuildFile; fileRef = A74B5259295F30EA00DD2011 /* Github.swift */; };
		A74B525C295F321400DD2011 /* Linkedin.swift in Sources */ = {isa = PBXBuildFile; fileRef = A74B525B295F321400DD2011 /* Linkedin.swift */; };
		A74B525E295F325E00DD2011 /* Malt.swift in Sources */ = {isa = PBXBuildFile; fileRef = A74B525D295F325E00DD2011 /* Malt.swift */; };
		A74B5260295F33B400DD2011 /* Mail.swift in Sources */ = {isa = PBXBuildFile; fileRef = A74B525F295F33B400DD2011 /* Mail.swift */; };
		A74B5262295F343400DD2011 /* telephone.swift in Sources */ = {isa = PBXBuildFile; fileRef = A74B5261295F343400DD2011 /* telephone.swift */; };
		A74E7BCD2944A3EF00587AC5 /* PortfolioApp.swift in Sources */ = {isa = PBXBuildFile; fileRef = A74E7BCC2944A3EF00587AC5 /* PortfolioApp.swift */; };
		A74E7BD12944A3F000587AC5 /* Assets.xcassets in Resources */ = {isa = PBXBuildFile; fileRef = A74E7BD02944A3F000587AC5 /* Assets.xcassets */; };
		A74E7BD42944A3F000587AC5 /* Preview Assets.xcassets in Resources */ = {isa = PBXBuildFile; fileRef = A74E7BD32944A3F000587AC5 /* Preview Assets.xcassets */; };
		A74E7BDE2944A3F000587AC5 /* PortfolioTests.swift in Sources */ = {isa = PBXBuildFile; fileRef = A74E7BDD2944A3F000587AC5 /* PortfolioTests.swift */; };
		A74E7BE82944A3F000587AC5 /* PortfolioUITests.swift in Sources */ = {isa = PBXBuildFile; fileRef = A74E7BE72944A3F000587AC5 /* PortfolioUITests.swift */; };
		A74E7BEA2944A3F000587AC5 /* PortfolioUITestsLaunchTests.swift in Sources */ = {isa = PBXBuildFile; fileRef = A74E7BE92944A3F000587AC5 /* PortfolioUITestsLaunchTests.swift */; };
		A74E7BF92944E2D700587AC5 /* ContentView.swift in Sources */ = {isa = PBXBuildFile; fileRef = A74E7BF82944E2D700587AC5 /* ContentView.swift */; };
		A74E7BFB2944F10F00587AC5 /* ProjectPage.swift in Sources */ = {isa = PBXBuildFile; fileRef = A74E7BFA2944F10F00587AC5 /* ProjectPage.swift */; };
		A74E7BFE2944F31800587AC5 /* ContactPage.swift in Sources */ = {isa = PBXBuildFile; fileRef = A74E7BFD2944F31800587AC5 /* ContactPage.swift */; };
		A7B75D45295EEF2B001054B5 /* GithubRepository.swift in Sources */ = {isa = PBXBuildFile; fileRef = A7B75D44295EEF2B001054B5 /* GithubRepository.swift */; };
		A7B75D47295EEF5A001054B5 /* GithubUser.swift in Sources */ = {isa = PBXBuildFile; fileRef = A7B75D46295EEF5A001054B5 /* GithubUser.swift */; };
		A7B75D4B295EEFD4001054B5 /* HttpClient.swift in Sources */ = {isa = PBXBuildFile; fileRef = A7B75D4A295EEFD4001054B5 /* HttpClient.swift */; };
		A7B75D52295EF27A001054B5 /* App+Color.swift in Sources */ = {isa = PBXBuildFile; fileRef = A7B75D51295EF27A001054B5 /* App+Color.swift */; };
		A7B75D54295EF2AC001054B5 /* ErrorView.swift in Sources */ = {isa = PBXBuildFile; fileRef = A7B75D53295EF2AC001054B5 /* ErrorView.swift */; };
		A7B75D56295EF346001054B5 /* IconPrefixedText.swift in Sources */ = {isa = PBXBuildFile; fileRef = A7B75D55295EF346001054B5 /* IconPrefixedText.swift */; };
		A7B75D58295EF37A001054B5 /* LeadingText.swift in Sources */ = {isa = PBXBuildFile; fileRef = A7B75D57295EF37A001054B5 /* LeadingText.swift */; };
		A7B75D5A295EF3AA001054B5 /* LoadingIndicator.swift in Sources */ = {isa = PBXBuildFile; fileRef = A7B75D59295EF3AA001054B5 /* LoadingIndicator.swift */; };
		A7B75D5C295EF3D7001054B5 /* UIConstants.swift in Sources */ = {isa = PBXBuildFile; fileRef = A7B75D5B295EF3D7001054B5 /* UIConstants.swift */; };
		A7B75D5E295EF438001054B5 /* GithubProfileFetchView.swift in Sources */ = {isa = PBXBuildFile; fileRef = A7B75D5D295EF438001054B5 /* GithubProfileFetchView.swift */; };
		A7B75D60295EF46B001054B5 /* GithubProfileFetchViewModel.swift in Sources */ = {isa = PBXBuildFile; fileRef = A7B75D5F295EF46B001054B5 /* GithubProfileFetchViewModel.swift */; };
		A7B75D62295EF4E5001054B5 /* GithubProfileView.swift in Sources */ = {isa = PBXBuildFile; fileRef = A7B75D61295EF4E5001054B5 /* GithubProfileView.swift */; };
		A7B75D64295EF52B001054B5 /* GithubProfileViewModel.swift in Sources */ = {isa = PBXBuildFile; fileRef = A7B75D63295EF52B001054B5 /* GithubProfileViewModel.swift */; };
		A7B75D66295EF55D001054B5 /* ProfileImage.swift in Sources */ = {isa = PBXBuildFile; fileRef = A7B75D65295EF55D001054B5 /* ProfileImage.swift */; };
		A7B75D68295EF5A8001054B5 /* GithubRepositoriesListView.swift in Sources */ = {isa = PBXBuildFile; fileRef = A7B75D67295EF5A8001054B5 /* GithubRepositoriesListView.swift */; };
		A7B75D6A295EF5E1001054B5 /* GithubRepositoryView.swift in Sources */ = {isa = PBXBuildFile; fileRef = A7B75D69295EF5E1001054B5 /* GithubRepositoryView.swift */; };
		A7B75D6C295EF61D001054B5 /* GithubRepositoryViewModel.swift in Sources */ = {isa = PBXBuildFile; fileRef = A7B75D6B295EF61D001054B5 /* GithubRepositoryViewModel.swift */; };
		A7B75D6E295EF668001054B5 /* DefaultProfileView.swift in Sources */ = {isa = PBXBuildFile; fileRef = A7B75D6D295EF668001054B5 /* DefaultProfileView.swift */; };
		A7B75D79295EF8F8001054B5 /* octocat_image.png in Resources */ = {isa = PBXBuildFile; fileRef = A7B75D78295EF8F8001054B5 /* octocat_image.png */; };
		A7CF6B1B294C8B550083E7B6 /* HomePage.swift in Sources */ = {isa = PBXBuildFile; fileRef = A7CF6B1A294C8B550083E7B6 /* HomePage.swift */; };
		A7D02000294A024A003D19DA /* PhotoDeProfile.swift in Sources */ = {isa = PBXBuildFile; fileRef = A7D01FFF294A024A003D19DA /* PhotoDeProfile.swift */; };
		A7D02002294A03E0003D19DA /* Name.swift in Sources */ = {isa = PBXBuildFile; fileRef = A7D02001294A03E0003D19DA /* Name.swift */; };
/* End PBXBuildFile section */

/* Begin PBXContainerItemProxy section */
		A74E7BDA2944A3F000587AC5 /* PBXContainerItemProxy */ = {
			isa = PBXContainerItemProxy;
			containerPortal = A74E7BC12944A3EF00587AC5 /* Project object */;
			proxyType = 1;
			remoteGlobalIDString = A74E7BC82944A3EF00587AC5;
			remoteInfo = Portfolio;
		};
		A74E7BE42944A3F000587AC5 /* PBXContainerItemProxy */ = {
			isa = PBXContainerItemProxy;
			containerPortal = A74E7BC12944A3EF00587AC5 /* Project object */;
			proxyType = 1;
			remoteGlobalIDString = A74E7BC82944A3EF00587AC5;
			remoteInfo = Portfolio;
		};
/* End PBXContainerItemProxy section */

/* Begin PBXFileReference section */
		A731CC7B294CC2CF00CA24A6 /* Description.swift */ = {isa = PBXFileReference; lastKnownFileType = sourcecode.swift; path = Description.swift; sourceTree = "<group>"; };
		A74B5259295F30EA00DD2011 /* Github.swift */ = {isa = PBXFileReference; lastKnownFileType = sourcecode.swift; path = Github.swift; sourceTree = "<group>"; };
		A74B525B295F321400DD2011 /* Linkedin.swift */ = {isa = PBXFileReference; lastKnownFileType = sourcecode.swift; path = Linkedin.swift; sourceTree = "<group>"; };
		A74B525D295F325E00DD2011 /* Malt.swift */ = {isa = PBXFileReference; lastKnownFileType = sourcecode.swift; path = Malt.swift; sourceTree = "<group>"; };
		A74B525F295F33B400DD2011 /* Mail.swift */ = {isa = PBXFileReference; lastKnownFileType = sourcecode.swift; path = Mail.swift; sourceTree = "<group>"; };
		A74B5261295F343400DD2011 /* telephone.swift */ = {isa = PBXFileReference; lastKnownFileType = sourcecode.swift; path = telephone.swift; sourceTree = "<group>"; };
		A74E7BC92944A3EF00587AC5 /* Portfolio.app */ = {isa = PBXFileReference; explicitFileType = wrapper.application; includeInIndex = 0; path = Portfolio.app; sourceTree = BUILT_PRODUCTS_DIR; };
		A74E7BCC2944A3EF00587AC5 /* PortfolioApp.swift */ = {isa = PBXFileReference; lastKnownFileType = sourcecode.swift; path = PortfolioApp.swift; sourceTree = "<group>"; };
		A74E7BD02944A3F000587AC5 /* Assets.xcassets */ = {isa = PBXFileReference; lastKnownFileType = folder.assetcatalog; path = Assets.xcassets; sourceTree = "<group>"; };
		A74E7BD32944A3F000587AC5 /* Preview Assets.xcassets */ = {isa = PBXFileReference; lastKnownFileType = folder.assetcatalog; path = "Preview Assets.xcassets"; sourceTree = "<group>"; };
		A74E7BD92944A3F000587AC5 /* PortfolioTests.xctest */ = {isa = PBXFileReference; explicitFileType = wrapper.cfbundle; includeInIndex = 0; path = PortfolioTests.xctest; sourceTree = BUILT_PRODUCTS_DIR; };
		A74E7BDD2944A3F000587AC5 /* PortfolioTests.swift */ = {isa = PBXFileReference; lastKnownFileType = sourcecode.swift; path = PortfolioTests.swift; sourceTree = "<group>"; };
		A74E7BE32944A3F000587AC5 /* PortfolioUITests.xctest */ = {isa = PBXFileReference; explicitFileType = wrapper.cfbundle; includeInIndex = 0; path = PortfolioUITests.xctest; sourceTree = BUILT_PRODUCTS_DIR; };
		A74E7BE72944A3F000587AC5 /* PortfolioUITests.swift */ = {isa = PBXFileReference; lastKnownFileType = sourcecode.swift; path = PortfolioUITests.swift; sourceTree = "<group>"; };
		A74E7BE92944A3F000587AC5 /* PortfolioUITestsLaunchTests.swift */ = {isa = PBXFileReference; lastKnownFileType = sourcecode.swift; path = PortfolioUITestsLaunchTests.swift; sourceTree = "<group>"; };
		A74E7BF82944E2D700587AC5 /* ContentView.swift */ = {isa = PBXFileReference; lastKnownFileType = sourcecode.swift; path = ContentView.swift; sourceTree = "<group>"; };
		A74E7BFA2944F10F00587AC5 /* ProjectPage.swift */ = {isa = PBXFileReference; lastKnownFileType = sourcecode.swift; path = ProjectPage.swift; sourceTree = "<group>"; };
		A74E7BFD2944F31800587AC5 /* ContactPage.swift */ = {isa = PBXFileReference; lastKnownFileType = sourcecode.swift; path = ContactPage.swift; sourceTree = "<group>"; };
		A7B75D44295EEF2B001054B5 /* GithubRepository.swift */ = {isa = PBXFileReference; lastKnownFileType = sourcecode.swift; path = GithubRepository.swift; sourceTree = "<group>"; };
		A7B75D46295EEF5A001054B5 /* GithubUser.swift */ = {isa = PBXFileReference; lastKnownFileType = sourcecode.swift; path = GithubUser.swift; sourceTree = "<group>"; };
		A7B75D4A295EEFD4001054B5 /* HttpClient.swift */ = {isa = PBXFileReference; lastKnownFileType = sourcecode.swift; path = HttpClient.swift; sourceTree = "<group>"; };
		A7B75D51295EF27A001054B5 /* App+Color.swift */ = {isa = PBXFileReference; lastKnownFileType = sourcecode.swift; path = "App+Color.swift"; sourceTree = "<group>"; };
		A7B75D53295EF2AC001054B5 /* ErrorView.swift */ = {isa = PBXFileReference; lastKnownFileType = sourcecode.swift; path = ErrorView.swift; sourceTree = "<group>"; };
		A7B75D55295EF346001054B5 /* IconPrefixedText.swift */ = {isa = PBXFileReference; lastKnownFileType = sourcecode.swift; path = IconPrefixedText.swift; sourceTree = "<group>"; };
		A7B75D57295EF37A001054B5 /* LeadingText.swift */ = {isa = PBXFileReference; lastKnownFileType = sourcecode.swift; path = LeadingText.swift; sourceTree = "<group>"; };
		A7B75D59295EF3AA001054B5 /* LoadingIndicator.swift */ = {isa = PBXFileReference; lastKnownFileType = sourcecode.swift; path = LoadingIndicator.swift; sourceTree = "<group>"; };
		A7B75D5B295EF3D7001054B5 /* UIConstants.swift */ = {isa = PBXFileReference; lastKnownFileType = sourcecode.swift; path = UIConstants.swift; sourceTree = "<group>"; };
		A7B75D5D295EF438001054B5 /* GithubProfileFetchView.swift */ = {isa = PBXFileReference; lastKnownFileType = sourcecode.swift; path = GithubProfileFetchView.swift; sourceTree = "<group>"; };
		A7B75D5F295EF46B001054B5 /* GithubProfileFetchViewModel.swift */ = {isa = PBXFileReference; lastKnownFileType = sourcecode.swift; path = GithubProfileFetchViewModel.swift; sourceTree = "<group>"; };
		A7B75D61295EF4E5001054B5 /* GithubProfileView.swift */ = {isa = PBXFileReference; lastKnownFileType = sourcecode.swift; path = GithubProfileView.swift; sourceTree = "<group>"; };
		A7B75D63295EF52B001054B5 /* GithubProfileViewModel.swift */ = {isa = PBXFileReference; lastKnownFileType = sourcecode.swift; path = GithubProfileViewModel.swift; sourceTree = "<group>"; };
		A7B75D65295EF55D001054B5 /* ProfileImage.swift */ = {isa = PBXFileReference; lastKnownFileType = sourcecode.swift; path = ProfileImage.swift; sourceTree = "<group>"; };
		A7B75D67295EF5A8001054B5 /* GithubRepositoriesListView.swift */ = {isa = PBXFileReference; lastKnownFileType = sourcecode.swift; path = GithubRepositoriesListView.swift; sourceTree = "<group>"; };
		A7B75D69295EF5E1001054B5 /* GithubRepositoryView.swift */ = {isa = PBXFileReference; lastKnownFileType = sourcecode.swift; path = GithubRepositoryView.swift; sourceTree = "<group>"; };
		A7B75D6B295EF61D001054B5 /* GithubRepositoryViewModel.swift */ = {isa = PBXFileReference; lastKnownFileType = sourcecode.swift; path = GithubRepositoryViewModel.swift; sourceTree = "<group>"; };
		A7B75D6D295EF668001054B5 /* DefaultProfileView.swift */ = {isa = PBXFileReference; lastKnownFileType = sourcecode.swift; path = DefaultProfileView.swift; sourceTree = "<group>"; };
		A7B75D72295EF800001054B5 /* Contents.geojson */ = {isa = PBXFileReference; lastKnownFileType = text; path = Contents.geojson; sourceTree = "<group>"; };
		A7B75D74295EF85E001054B5 /* Contents.geojson */ = {isa = PBXFileReference; lastKnownFileType = text; path = Contents.geojson; sourceTree = "<group>"; };
		A7B75D75295EF88C001054B5 /* Contents.geojson */ = {isa = PBXFileReference; lastKnownFileType = text; path = Contents.geojson; sourceTree = "<group>"; };
		A7B75D77295EF8D7001054B5 /* Contents.geojson */ = {isa = PBXFileReference; lastKnownFileType = text; path = Contents.geojson; sourceTree = "<group>"; };
		A7B75D78295EF8F8001054B5 /* octocat_image.png */ = {isa = PBXFileReference; lastKnownFileType = image.png; path = octocat_image.png; sourceTree = "<group>"; };
		A7CF6B1A294C8B550083E7B6 /* HomePage.swift */ = {isa = PBXFileReference; lastKnownFileType = sourcecode.swift; path = HomePage.swift; sourceTree = "<group>"; usesTabs = 0; };
		A7D01FFF294A024A003D19DA /* PhotoDeProfile.swift */ = {isa = PBXFileReference; lastKnownFileType = sourcecode.swift; path = PhotoDeProfile.swift; sourceTree = "<group>"; };
		A7D02001294A03E0003D19DA /* Name.swift */ = {isa = PBXFileReference; lastKnownFileType = sourcecode.swift; path = Name.swift; sourceTree = "<group>"; };
/* End PBXFileReference section */

/* Begin PBXFrameworksBuildPhase section */
		A74E7BC62944A3EF00587AC5 /* Frameworks */ = {
			isa = PBXFrameworksBuildPhase;
			buildActionMask = 2147483647;
			files = (
			);
			runOnlyForDeploymentPostprocessing = 0;
		};
		A74E7BD62944A3F000587AC5 /* Frameworks */ = {
			isa = PBXFrameworksBuildPhase;
			buildActionMask = 2147483647;
			files = (
			);
			runOnlyForDeploymentPostprocessing = 0;
		};
		A74E7BE02944A3F000587AC5 /* Frameworks */ = {
			isa = PBXFrameworksBuildPhase;
			buildActionMask = 2147483647;
			files = (
			);
			runOnlyForDeploymentPostprocessing = 0;
		};
/* End PBXFrameworksBuildPhase section */

/* Begin PBXGroup section */
		A74E7BC02944A3EF00587AC5 = {
			isa = PBXGroup;
			children = (
				A74E7BCB2944A3EF00587AC5 /* Portfolio */,
				A74E7BDC2944A3F000587AC5 /* PortfolioTests */,
				A74E7BE62944A3F000587AC5 /* PortfolioUITests */,
				A74E7BCA2944A3EF00587AC5 /* Products */,
			);
			sourceTree = "<group>";
		};
		A74E7BCA2944A3EF00587AC5 /* Products */ = {
			isa = PBXGroup;
			children = (
				A74E7BC92944A3EF00587AC5 /* Portfolio.app */,
				A74E7BD92944A3F000587AC5 /* PortfolioTests.xctest */,
				A74E7BE32944A3F000587AC5 /* PortfolioUITests.xctest */,
			);
			name = Products;
			sourceTree = "<group>";
		};
		A74E7BCB2944A3EF00587AC5 /* Portfolio */ = {
			isa = PBXGroup;
			children = (
				A7B75D6F295EF7A0001054B5 /* Resources */,
				A7B75D4C295EF01D001054B5 /* User Interface */,
				A74E7BCC2944A3EF00587AC5 /* PortfolioApp.swift */,
				A74E7BF82944E2D700587AC5 /* ContentView.swift */,
				A7B75D49295EEFC1001054B5 /* Services */,
				A7B75D43295EEF08001054B5 /* Model */,
				A7D01FFE294A0222003D19DA /* Helpers */,
				A74E7BFC2944F12000587AC5 /* Views */,
				A74E7BD02944A3F000587AC5 /* Assets.xcassets */,
				A74E7BD22944A3F000587AC5 /* Preview Content */,
			);
			path = Portfolio;
			sourceTree = "<group>";
		};
		A74E7BD22944A3F000587AC5 /* Preview Content */ = {
			isa = PBXGroup;
			children = (
				A74E7BD32944A3F000587AC5 /* Preview Assets.xcassets */,
			);
			path = "Preview Content";
			sourceTree = "<group>";
		};
		A74E7BDC2944A3F000587AC5 /* PortfolioTests */ = {
			isa = PBXGroup;
			children = (
				A74E7BDD2944A3F000587AC5 /* PortfolioTests.swift */,
			);
			path = PortfolioTests;
			sourceTree = "<group>";
		};
		A74E7BE62944A3F000587AC5 /* PortfolioUITests */ = {
			isa = PBXGroup;
			children = (
				A74E7BE72944A3F000587AC5 /* PortfolioUITests.swift */,
				A74E7BE92944A3F000587AC5 /* PortfolioUITestsLaunchTests.swift */,
			);
			path = PortfolioUITests;
			sourceTree = "<group>";
		};
		A74E7BFC2944F12000587AC5 /* Views */ = {
			isa = PBXGroup;
			children = (
				A74E7BFA2944F10F00587AC5 /* ProjectPage.swift */,
				A74E7BFD2944F31800587AC5 /* ContactPage.swift */,
				A7CF6B1A294C8B550083E7B6 /* HomePage.swift */,
			);
			path = Views;
			sourceTree = "<group>";
		};
		A7B75D43295EEF08001054B5 /* Model */ = {
			isa = PBXGroup;
			children = (
				A7B75D44295EEF2B001054B5 /* GithubRepository.swift */,
				A7B75D46295EEF5A001054B5 /* GithubUser.swift */,
			);
			path = Model;
			sourceTree = "<group>";
		};
		A7B75D49295EEFC1001054B5 /* Services */ = {
			isa = PBXGroup;
			children = (
				A7B75D4A295EEFD4001054B5 /* HttpClient.swift */,
			);
			path = Services;
			sourceTree = "<group>";
		};
		A7B75D4C295EF01D001054B5 /* User Interface */ = {
			isa = PBXGroup;
			children = (
				A7B75D50295EF074001054B5 /* GithubRepositoriesView */,
				A7B75D4F295EF062001054B5 /* GithubProfileView */,
				A7B75D4E295EF033001054B5 /* GithubProfileFetchView */,
				A7B75D4D295EF02B001054B5 /* Common */,
			);
			path = "User Interface";
			sourceTree = "<group>";
		};
		A7B75D4D295EF02B001054B5 /* Common */ = {
			isa = PBXGroup;
			children = (
				A7B75D51295EF27A001054B5 /* App+Color.swift */,
				A7B75D53295EF2AC001054B5 /* ErrorView.swift */,
				A7B75D55295EF346001054B5 /* IconPrefixedText.swift */,
				A7B75D57295EF37A001054B5 /* LeadingText.swift */,
				A7B75D59295EF3AA001054B5 /* LoadingIndicator.swift */,
				A7B75D5B295EF3D7001054B5 /* UIConstants.swift */,
			);
			path = Common;
			sourceTree = "<group>";
		};
		A7B75D4E295EF033001054B5 /* GithubProfileFetchView */ = {
			isa = PBXGroup;
			children = (
				A7B75D5D295EF438001054B5 /* GithubProfileFetchView.swift */,
				A7B75D5F295EF46B001054B5 /* GithubProfileFetchViewModel.swift */,
				A7B75D6D295EF668001054B5 /* DefaultProfileView.swift */,
			);
			path = GithubProfileFetchView;
			sourceTree = "<group>";
		};
		A7B75D4F295EF062001054B5 /* GithubProfileView */ = {
			isa = PBXGroup;
			children = (
				A7B75D61295EF4E5001054B5 /* GithubProfileView.swift */,
				A7B75D63295EF52B001054B5 /* GithubProfileViewModel.swift */,
				A7B75D65295EF55D001054B5 /* ProfileImage.swift */,
			);
			path = GithubProfileView;
			sourceTree = "<group>";
		};
		A7B75D50295EF074001054B5 /* GithubRepositoriesView */ = {
			isa = PBXGroup;
			children = (
				A7B75D67295EF5A8001054B5 /* GithubRepositoriesListView.swift */,
				A7B75D69295EF5E1001054B5 /* GithubRepositoryView.swift */,
				A7B75D6B295EF61D001054B5 /* GithubRepositoryViewModel.swift */,
			);
			path = GithubRepositoriesView;
			sourceTree = "<group>";
		};
		A7B75D6F295EF7A0001054B5 /* Resources */ = {
			isa = PBXGroup;
			children = (
				A7B75D70295EF7BD001054B5 /* Assets.xcassets */,
			);
			path = Resources;
			sourceTree = "<group>";
		};
		A7B75D70295EF7BD001054B5 /* Assets.xcassets */ = {
			isa = PBXGroup;
			children = (
				A7B75D76295EF8AD001054B5 /* octocat_image.imageset */,
				A7B75D73295EF83A001054B5 /* AppIcon.appiconset */,
				A7B75D71295EF7D8001054B5 /* AccentColor.colorset */,
				A7B75D75295EF88C001054B5 /* Contents.geojson */,
			);
			path = Assets.xcassets;
			sourceTree = "<group>";
		};
		A7B75D71295EF7D8001054B5 /* AccentColor.colorset */ = {
			isa = PBXGroup;
			children = (
				A7B75D72295EF800001054B5 /* Contents.geojson */,
			);
			path = AccentColor.colorset;
			sourceTree = "<group>";
		};
		A7B75D73295EF83A001054B5 /* AppIcon.appiconset */ = {
			isa = PBXGroup;
			children = (
				A7B75D74295EF85E001054B5 /* Contents.geojson */,
			);
			path = AppIcon.appiconset;
			sourceTree = "<group>";
		};
		A7B75D76295EF8AD001054B5 /* octocat_image.imageset */ = {
			isa = PBXGroup;
			children = (
				A7B75D78295EF8F8001054B5 /* octocat_image.png */,
				A7B75D77295EF8D7001054B5 /* Contents.geojson */,
			);
			path = octocat_image.imageset;
			sourceTree = "<group>";
		};
		A7D01FFE294A0222003D19DA /* Helpers */ = {
			isa = PBXGroup;
			children = (
				A7D01FFF294A024A003D19DA /* PhotoDeProfile.swift */,
				A7D02001294A03E0003D19DA /* Name.swift */,
				A731CC7B294CC2CF00CA24A6 /* Description.swift */,
				A74B5259295F30EA00DD2011 /* Github.swift */,
				A74B525B295F321400DD2011 /* Linkedin.swift */,
				A74B525D295F325E00DD2011 /* Malt.swift */,
				A74B525F295F33B400DD2011 /* Mail.swift */,
				A74B5261295F343400DD2011 /* telephone.swift */,
			);
			path = Helpers;
			sourceTree = "<group>";
		};
/* End PBXGroup section */

/* Begin PBXNativeTarget section */
		A74E7BC82944A3EF00587AC5 /* Portfolio */ = {
			isa = PBXNativeTarget;
			buildConfigurationList = A74E7BED2944A3F000587AC5 /* Build configuration list for PBXNativeTarget "Portfolio" */;
			buildPhases = (
				A74E7BC52944A3EF00587AC5 /* Sources */,
				A74E7BC62944A3EF00587AC5 /* Frameworks */,
				A74E7BC72944A3EF00587AC5 /* Resources */,
			);
			buildRules = (
			);
			dependencies = (
			);
			name = Portfolio;
			productName = Portfolio;
			productReference = A74E7BC92944A3EF00587AC5 /* Portfolio.app */;
			productType = "com.apple.product-type.application";
		};
		A74E7BD82944A3F000587AC5 /* PortfolioTests */ = {
			isa = PBXNativeTarget;
			buildConfigurationList = A74E7BF02944A3F000587AC5 /* Build configuration list for PBXNativeTarget "PortfolioTests" */;
			buildPhases = (
				A74E7BD52944A3F000587AC5 /* Sources */,
				A74E7BD62944A3F000587AC5 /* Frameworks */,
				A74E7BD72944A3F000587AC5 /* Resources */,
			);
			buildRules = (
			);
			dependencies = (
				A74E7BDB2944A3F000587AC5 /* PBXTargetDependency */,
			);
			name = PortfolioTests;
			productName = PortfolioTests;
			productReference = A74E7BD92944A3F000587AC5 /* PortfolioTests.xctest */;
			productType = "com.apple.product-type.bundle.unit-test";
		};
		A74E7BE22944A3F000587AC5 /* PortfolioUITests */ = {
			isa = PBXNativeTarget;
			buildConfigurationList = A74E7BF32944A3F000587AC5 /* Build configuration list for PBXNativeTarget "PortfolioUITests" */;
			buildPhases = (
				A74E7BDF2944A3F000587AC5 /* Sources */,
				A74E7BE02944A3F000587AC5 /* Frameworks */,
				A74E7BE12944A3F000587AC5 /* Resources */,
			);
			buildRules = (
			);
			dependencies = (
				A74E7BE52944A3F000587AC5 /* PBXTargetDependency */,
			);
			name = PortfolioUITests;
			productName = PortfolioUITests;
			productReference = A74E7BE32944A3F000587AC5 /* PortfolioUITests.xctest */;
			productType = "com.apple.product-type.bundle.ui-testing";
		};
/* End PBXNativeTarget section */

/* Begin PBXProject section */
		A74E7BC12944A3EF00587AC5 /* Project object */ = {
			isa = PBXProject;
			attributes = {
				BuildIndependentTargetsInParallel = 1;
				LastSwiftUpdateCheck = 1410;
				LastUpgradeCheck = 1410;
				TargetAttributes = {
					A74E7BC82944A3EF00587AC5 = {
						CreatedOnToolsVersion = 14.1;
					};
					A74E7BD82944A3F000587AC5 = {
						CreatedOnToolsVersion = 14.1;
						TestTargetID = A74E7BC82944A3EF00587AC5;
					};
					A74E7BE22944A3F000587AC5 = {
						CreatedOnToolsVersion = 14.1;
						TestTargetID = A74E7BC82944A3EF00587AC5;
					};
				};
			};
			buildConfigurationList = A74E7BC42944A3EF00587AC5 /* Build configuration list for PBXProject "Portfolio" */;
			compatibilityVersion = "Xcode 14.0";
			developmentRegion = en;
			hasScannedForEncodings = 0;
			knownRegions = (
				en,
				Base,
			);
			mainGroup = A74E7BC02944A3EF00587AC5;
			productRefGroup = A74E7BCA2944A3EF00587AC5 /* Products */;
			projectDirPath = "";
			projectRoot = "";
			targets = (
				A74E7BC82944A3EF00587AC5 /* Portfolio */,
				A74E7BD82944A3F000587AC5 /* PortfolioTests */,
				A74E7BE22944A3F000587AC5 /* PortfolioUITests */,
			);
		};
/* End PBXProject section */

/* Begin PBXResourcesBuildPhase section */
		A74E7BC72944A3EF00587AC5 /* Resources */ = {
			isa = PBXResourcesBuildPhase;
			buildActionMask = 2147483647;
			files = (
				A7B75D79295EF8F8001054B5 /* octocat_image.png in Resources */,
				A74E7BD42944A3F000587AC5 /* Preview Assets.xcassets in Resources */,
				A74E7BD12944A3F000587AC5 /* Assets.xcassets in Resources */,
			);
			runOnlyForDeploymentPostprocessing = 0;
		};
		A74E7BD72944A3F000587AC5 /* Resources */ = {
			isa = PBXResourcesBuildPhase;
			buildActionMask = 2147483647;
			files = (
			);
			runOnlyForDeploymentPostprocessing = 0;
		};
		A74E7BE12944A3F000587AC5 /* Resources */ = {
			isa = PBXResourcesBuildPhase;
			buildActionMask = 2147483647;
			files = (
			);
			runOnlyForDeploymentPostprocessing = 0;
		};
/* End PBXResourcesBuildPhase section */

/* Begin PBXSourcesBuildPhase section */
		A74E7BC52944A3EF00587AC5 /* Sources */ = {
			isa = PBXSourcesBuildPhase;
			buildActionMask = 2147483647;
			files = (
				A74B5260295F33B400DD2011 /* Mail.swift in Sources */,
				A74B525A295F30EA00DD2011 /* Github.swift in Sources */,
				A7B75D58295EF37A001054B5 /* LeadingText.swift in Sources */,
				A7B75D45295EEF2B001054B5 /* GithubRepository.swift in Sources */,
				A7B75D5E295EF438001054B5 /* GithubProfileFetchView.swift in Sources */,
				A7B75D52295EF27A001054B5 /* App+Color.swift in Sources */,
				A7B75D60295EF46B001054B5 /* GithubProfileFetchViewModel.swift in Sources */,
				A7B75D62295EF4E5001054B5 /* GithubProfileView.swift in Sources */,
				A74B525C295F321400DD2011 /* Linkedin.swift in Sources */,
				A731CC7C294CC2CF00CA24A6 /* Description.swift in Sources */,
				A74E7BFB2944F10F00587AC5 /* ProjectPage.swift in Sources */,
				A7B75D56295EF346001054B5 /* IconPrefixedText.swift in Sources */,
				A7B75D47295EEF5A001054B5 /* GithubUser.swift in Sources */,
				A7B75D68295EF5A8001054B5 /* GithubRepositoriesListView.swift in Sources */,
				A7D02000294A024A003D19DA /* PhotoDeProfile.swift in Sources */,
				A7B75D5C295EF3D7001054B5 /* UIConstants.swift in Sources */,
				A74E7BCD2944A3EF00587AC5 /* PortfolioApp.swift in Sources */,
				A74B5262295F343400DD2011 /* telephone.swift in Sources */,
				A74B525E295F325E00DD2011 /* Malt.swift in Sources */,
				A7B75D6C295EF61D001054B5 /* GithubRepositoryViewModel.swift in Sources */,
				A74E7BF92944E2D700587AC5 /* ContentView.swift in Sources */,
				A7B75D6E295EF668001054B5 /* DefaultProfileView.swift in Sources */,
				A7B75D4B295EEFD4001054B5 /* HttpClient.swift in Sources */,
				A7D02002294A03E0003D19DA /* Name.swift in Sources */,
				A7B75D5A295EF3AA001054B5 /* LoadingIndicator.swift in Sources */,
				A74E7BFE2944F31800587AC5 /* ContactPage.swift in Sources */,
				A7B75D6A295EF5E1001054B5 /* GithubRepositoryView.swift in Sources */,
				A7B75D64295EF52B001054B5 /* GithubProfileViewModel.swift in Sources */,
				A7B75D66295EF55D001054B5 /* ProfileImage.swift in Sources */,
				A7B75D54295EF2AC001054B5 /* ErrorView.swift in Sources */,
				A7CF6B1B294C8B550083E7B6 /* HomePage.swift in Sources */,
			);
			runOnlyForDeploymentPostprocessing = 0;
		};
		A74E7BD52944A3F000587AC5 /* Sources */ = {
			isa = PBXSourcesBuildPhase;
			buildActionMask = 2147483647;
			files = (
				A74E7BDE2944A3F000587AC5 /* PortfolioTests.swift in Sources */,
			);
			runOnlyForDeploymentPostprocessing = 0;
		};
		A74E7BDF2944A3F000587AC5 /* Sources */ = {
			isa = PBXSourcesBuildPhase;
			buildActionMask = 2147483647;
			files = (
				A74E7BE82944A3F000587AC5 /* PortfolioUITests.swift in Sources */,
				A74E7BEA2944A3F000587AC5 /* PortfolioUITestsLaunchTests.swift in Sources */,
			);
			runOnlyForDeploymentPostprocessing = 0;
		};
/* End PBXSourcesBuildPhase section */

/* Begin PBXTargetDependency section */
		A74E7BDB2944A3F000587AC5 /* PBXTargetDependency */ = {
			isa = PBXTargetDependency;
			target = A74E7BC82944A3EF00587AC5 /* Portfolio */;
			targetProxy = A74E7BDA2944A3F000587AC5 /* PBXContainerItemProxy */;
		};
		A74E7BE52944A3F000587AC5 /* PBXTargetDependency */ = {
			isa = PBXTargetDependency;
			target = A74E7BC82944A3EF00587AC5 /* Portfolio */;
			targetProxy = A74E7BE42944A3F000587AC5 /* PBXContainerItemProxy */;
		};
/* End PBXTargetDependency section */

/* Begin XCBuildConfiguration section */
		A74E7BEB2944A3F000587AC5 /* Debug */ = {
			isa = XCBuildConfiguration;
			buildSettings = {
				ALWAYS_SEARCH_USER_PATHS = NO;
				CLANG_ANALYZER_NONNULL = YES;
				CLANG_ANALYZER_NUMBER_OBJECT_CONVERSION = YES_AGGRESSIVE;
				CLANG_CXX_LANGUAGE_STANDARD = "gnu++20";
				CLANG_ENABLE_MODULES = YES;
				CLANG_ENABLE_OBJC_ARC = YES;
				CLANG_ENABLE_OBJC_WEAK = YES;
				CLANG_WARN_BLOCK_CAPTURE_AUTORELEASING = YES;
				CLANG_WARN_BOOL_CONVERSION = YES;
				CLANG_WARN_COMMA = YES;
				CLANG_WARN_CONSTANT_CONVERSION = YES;
				CLANG_WARN_DEPRECATED_OBJC_IMPLEMENTATIONS = YES;
				CLANG_WARN_DIRECT_OBJC_ISA_USAGE = YES_ERROR;
				CLANG_WARN_DOCUMENTATION_COMMENTS = YES;
				CLANG_WARN_EMPTY_BODY = YES;
				CLANG_WARN_ENUM_CONVERSION = YES;
				CLANG_WARN_INFINITE_RECURSION = YES;
				CLANG_WARN_INT_CONVERSION = YES;
				CLANG_WARN_NON_LITERAL_NULL_CONVERSION = YES;
				CLANG_WARN_OBJC_IMPLICIT_RETAIN_SELF = YES;
				CLANG_WARN_OBJC_LITERAL_CONVERSION = YES;
				CLANG_WARN_OBJC_ROOT_CLASS = YES_ERROR;
				CLANG_WARN_QUOTED_INCLUDE_IN_FRAMEWORK_HEADER = YES;
				CLANG_WARN_RANGE_LOOP_ANALYSIS = YES;
				CLANG_WARN_STRICT_PROTOTYPES = YES;
				CLANG_WARN_SUSPICIOUS_MOVE = YES;
				CLANG_WARN_UNGUARDED_AVAILABILITY = YES_AGGRESSIVE;
				CLANG_WARN_UNREACHABLE_CODE = YES;
				CLANG_WARN__DUPLICATE_METHOD_MATCH = YES;
				COPY_PHASE_STRIP = NO;
				DEBUG_INFORMATION_FORMAT = dwarf;
				ENABLE_STRICT_OBJC_MSGSEND = YES;
				ENABLE_TESTABILITY = YES;
				GCC_C_LANGUAGE_STANDARD = gnu11;
				GCC_DYNAMIC_NO_PIC = NO;
				GCC_NO_COMMON_BLOCKS = YES;
				GCC_OPTIMIZATION_LEVEL = 0;
				GCC_PREPROCESSOR_DEFINITIONS = (
					"DEBUG=1",
					"$(inherited)",
				);
				GCC_WARN_64_TO_32_BIT_CONVERSION = YES;
				GCC_WARN_ABOUT_RETURN_TYPE = YES_ERROR;
				GCC_WARN_UNDECLARED_SELECTOR = YES;
				GCC_WARN_UNINITIALIZED_AUTOS = YES_AGGRESSIVE;
				GCC_WARN_UNUSED_FUNCTION = YES;
				GCC_WARN_UNUSED_VARIABLE = YES;
				IPHONEOS_DEPLOYMENT_TARGET = 16.1;
				MTL_ENABLE_DEBUG_INFO = INCLUDE_SOURCE;
				MTL_FAST_MATH = YES;
				ONLY_ACTIVE_ARCH = YES;
				SDKROOT = iphoneos;
				SWIFT_ACTIVE_COMPILATION_CONDITIONS = DEBUG;
				SWIFT_OPTIMIZATION_LEVEL = "-Onone";
			};
			name = Debug;
		};
		A74E7BEC2944A3F000587AC5 /* Release */ = {
			isa = XCBuildConfiguration;
			buildSettings = {
				ALWAYS_SEARCH_USER_PATHS = NO;
				CLANG_ANALYZER_NONNULL = YES;
				CLANG_ANALYZER_NUMBER_OBJECT_CONVERSION = YES_AGGRESSIVE;
				CLANG_CXX_LANGUAGE_STANDARD = "gnu++20";
				CLANG_ENABLE_MODULES = YES;
				CLANG_ENABLE_OBJC_ARC = YES;
				CLANG_ENABLE_OBJC_WEAK = YES;
				CLANG_WARN_BLOCK_CAPTURE_AUTORELEASING = YES;
				CLANG_WARN_BOOL_CONVERSION = YES;
				CLANG_WARN_COMMA = YES;
				CLANG_WARN_CONSTANT_CONVERSION = YES;
				CLANG_WARN_DEPRECATED_OBJC_IMPLEMENTATIONS = YES;
				CLANG_WARN_DIRECT_OBJC_ISA_USAGE = YES_ERROR;
				CLANG_WARN_DOCUMENTATION_COMMENTS = YES;
				CLANG_WARN_EMPTY_BODY = YES;
				CLANG_WARN_ENUM_CONVERSION = YES;
				CLANG_WARN_INFINITE_RECURSION = YES;
				CLANG_WARN_INT_CONVERSION = YES;
				CLANG_WARN_NON_LITERAL_NULL_CONVERSION = YES;
				CLANG_WARN_OBJC_IMPLICIT_RETAIN_SELF = YES;
				CLANG_WARN_OBJC_LITERAL_CONVERSION = YES;
				CLANG_WARN_OBJC_ROOT_CLASS = YES_ERROR;
				CLANG_WARN_QUOTED_INCLUDE_IN_FRAMEWORK_HEADER = YES;
				CLANG_WARN_RANGE_LOOP_ANALYSIS = YES;
				CLANG_WARN_STRICT_PROTOTYPES = YES;
				CLANG_WARN_SUSPICIOUS_MOVE = YES;
				CLANG_WARN_UNGUARDED_AVAILABILITY = YES_AGGRESSIVE;
				CLANG_WARN_UNREACHABLE_CODE = YES;
				CLANG_WARN__DUPLICATE_METHOD_MATCH = YES;
				COPY_PHASE_STRIP = NO;
				DEBUG_INFORMATION_FORMAT = "dwarf-with-dsym";
				ENABLE_NS_ASSERTIONS = NO;
				ENABLE_STRICT_OBJC_MSGSEND = YES;
				GCC_C_LANGUAGE_STANDARD = gnu11;
				GCC_NO_COMMON_BLOCKS = YES;
				GCC_WARN_64_TO_32_BIT_CONVERSION = YES;
				GCC_WARN_ABOUT_RETURN_TYPE = YES_ERROR;
				GCC_WARN_UNDECLARED_SELECTOR = YES;
				GCC_WARN_UNINITIALIZED_AUTOS = YES_AGGRESSIVE;
				GCC_WARN_UNUSED_FUNCTION = YES;
				GCC_WARN_UNUSED_VARIABLE = YES;
				IPHONEOS_DEPLOYMENT_TARGET = 16.1;
				MTL_ENABLE_DEBUG_INFO = NO;
				MTL_FAST_MATH = YES;
				SDKROOT = iphoneos;
				SWIFT_COMPILATION_MODE = wholemodule;
				SWIFT_OPTIMIZATION_LEVEL = "-O";
				VALIDATE_PRODUCT = YES;
			};
			name = Release;
		};
		A74E7BEE2944A3F000587AC5 /* Debug */ = {
			isa = XCBuildConfiguration;
			buildSettings = {
				ASSETCATALOG_COMPILER_APPICON_NAME = AppIcon;
				ASSETCATALOG_COMPILER_GLOBAL_ACCENT_COLOR_NAME = AccentColor;
				CODE_SIGN_STYLE = Automatic;
				CURRENT_PROJECT_VERSION = 1;
				DEVELOPMENT_ASSET_PATHS = "\"Portfolio/Preview Content\"";
				DEVELOPMENT_TEAM = PP53L4JAC6;
				ENABLE_PREVIEWS = YES;
				GENERATE_INFOPLIST_FILE = YES;
				INFOPLIST_KEY_UIApplicationSceneManifest_Generation = YES;
				INFOPLIST_KEY_UIApplicationSupportsIndirectInputEvents = YES;
				INFOPLIST_KEY_UILaunchScreen_Generation = YES;
				INFOPLIST_KEY_UISupportedInterfaceOrientations_iPad = "UIInterfaceOrientationPortrait UIInterfaceOrientationPortraitUpsideDown UIInterfaceOrientationLandscapeLeft UIInterfaceOrientationLandscapeRight";
				INFOPLIST_KEY_UISupportedInterfaceOrientations_iPhone = "UIInterfaceOrientationPortrait UIInterfaceOrientationLandscapeLeft UIInterfaceOrientationLandscapeRight";
				LD_RUNPATH_SEARCH_PATHS = (
					"$(inherited)",
					"@executable_path/Frameworks",
				);
				MARKETING_VERSION = 1.0;
				PRODUCT_BUNDLE_IDENTIFIER = com.exemple.Portfolio;
				PRODUCT_NAME = "$(TARGET_NAME)";
				SWIFT_EMIT_LOC_STRINGS = YES;
				SWIFT_VERSION = 5.0;
				TARGETED_DEVICE_FAMILY = "1,2";
			};
			name = Debug;
		};
		A74E7BEF2944A3F000587AC5 /* Release */ = {
			isa = XCBuildConfiguration;
			buildSettings = {
				ASSETCATALOG_COMPILER_APPICON_NAME = AppIcon;
				ASSETCATALOG_COMPILER_GLOBAL_ACCENT_COLOR_NAME = AccentColor;
				CODE_SIGN_STYLE = Automatic;
				CURRENT_PROJECT_VERSION = 1;
				DEVELOPMENT_ASSET_PATHS = "\"Portfolio/Preview Content\"";
				DEVELOPMENT_TEAM = PP53L4JAC6;
				ENABLE_PREVIEWS = YES;
				GENERATE_INFOPLIST_FILE = YES;
				INFOPLIST_KEY_UIApplicationSceneManifest_Generation = YES;
				INFOPLIST_KEY_UIApplicationSupportsIndirectInputEvents = YES;
				INFOPLIST_KEY_UILaunchScreen_Generation = YES;
				INFOPLIST_KEY_UISupportedInterfaceOrientations_iPad = "UIInterfaceOrientationPortrait UIInterfaceOrientationPortraitUpsideDown UIInterfaceOrientationLandscapeLeft UIInterfaceOrientationLandscapeRight";
				INFOPLIST_KEY_UISupportedInterfaceOrientations_iPhone = "UIInterfaceOrientationPortrait UIInterfaceOrientationLandscapeLeft UIInterfaceOrientationLandscapeRight";
				LD_RUNPATH_SEARCH_PATHS = (
					"$(inherited)",
					"@executable_path/Frameworks",
				);
				MARKETING_VERSION = 1.0;
				PRODUCT_BUNDLE_IDENTIFIER = com.exemple.Portfolio;
				PRODUCT_NAME = "$(TARGET_NAME)";
				SWIFT_EMIT_LOC_STRINGS = YES;
				SWIFT_VERSION = 5.0;
				TARGETED_DEVICE_FAMILY = "1,2";
			};
			name = Release;
		};
		A74E7BF12944A3F000587AC5 /* Debug */ = {
			isa = XCBuildConfiguration;
			buildSettings = {
				ALWAYS_EMBED_SWIFT_STANDARD_LIBRARIES = YES;
				BUNDLE_LOADER = "$(TEST_HOST)";
				CODE_SIGN_STYLE = Automatic;
				CURRENT_PROJECT_VERSION = 1;
				DEVELOPMENT_TEAM = PP53L4JAC6;
				GENERATE_INFOPLIST_FILE = YES;
				IPHONEOS_DEPLOYMENT_TARGET = 16.1;
				MARKETING_VERSION = 1.0;
				PRODUCT_BUNDLE_IDENTIFIER = com.exemple.PortfolioTests;
				PRODUCT_NAME = "$(TARGET_NAME)";
				SWIFT_EMIT_LOC_STRINGS = NO;
				SWIFT_VERSION = 5.0;
				TARGETED_DEVICE_FAMILY = "1,2";
				TEST_HOST = "$(BUILT_PRODUCTS_DIR)/Portfolio.app/$(BUNDLE_EXECUTABLE_FOLDER_PATH)/Portfolio";
			};
			name = Debug;
		};
		A74E7BF22944A3F000587AC5 /* Release */ = {
			isa = XCBuildConfiguration;
			buildSettings = {
				ALWAYS_EMBED_SWIFT_STANDARD_LIBRARIES = YES;
				BUNDLE_LOADER = "$(TEST_HOST)";
				CODE_SIGN_STYLE = Automatic;
				CURRENT_PROJECT_VERSION = 1;
				DEVELOPMENT_TEAM = PP53L4JAC6;
				GENERATE_INFOPLIST_FILE = YES;
				IPHONEOS_DEPLOYMENT_TARGET = 16.1;
				MARKETING_VERSION = 1.0;
				PRODUCT_BUNDLE_IDENTIFIER = com.exemple.PortfolioTests;
				PRODUCT_NAME = "$(TARGET_NAME)";
				SWIFT_EMIT_LOC_STRINGS = NO;
				SWIFT_VERSION = 5.0;
				TARGETED_DEVICE_FAMILY = "1,2";
				TEST_HOST = "$(BUILT_PRODUCTS_DIR)/Portfolio.app/$(BUNDLE_EXECUTABLE_FOLDER_PATH)/Portfolio";
			};
			name = Release;
		};
		A74E7BF42944A3F000587AC5 /* Debug */ = {
			isa = XCBuildConfiguration;
			buildSettings = {
				ALWAYS_EMBED_SWIFT_STANDARD_LIBRARIES = YES;
				CODE_SIGN_STYLE = Automatic;
				CURRENT_PROJECT_VERSION = 1;
				DEVELOPMENT_TEAM = PP53L4JAC6;
				GENERATE_INFOPLIST_FILE = YES;
				MARKETING_VERSION = 1.0;
				PRODUCT_BUNDLE_IDENTIFIER = com.exemple.PortfolioUITests;
				PRODUCT_NAME = "$(TARGET_NAME)";
				SWIFT_EMIT_LOC_STRINGS = NO;
				SWIFT_VERSION = 5.0;
				TARGETED_DEVICE_FAMILY = "1,2";
				TEST_TARGET_NAME = Portfolio;
			};
			name = Debug;
		};
		A74E7BF52944A3F000587AC5 /* Release */ = {
			isa = XCBuildConfiguration;
			buildSettings = {
				ALWAYS_EMBED_SWIFT_STANDARD_LIBRARIES = YES;
				CODE_SIGN_STYLE = Automatic;
				CURRENT_PROJECT_VERSION = 1;
				DEVELOPMENT_TEAM = PP53L4JAC6;
				GENERATE_INFOPLIST_FILE = YES;
				MARKETING_VERSION = 1.0;
				PRODUCT_BUNDLE_IDENTIFIER = com.exemple.PortfolioUITests;
				PRODUCT_NAME = "$(TARGET_NAME)";
				SWIFT_EMIT_LOC_STRINGS = NO;
				SWIFT_VERSION = 5.0;
				TARGETED_DEVICE_FAMILY = "1,2";
				TEST_TARGET_NAME = Portfolio;
			};
			name = Release;
		};
/* End XCBuildConfiguration section */

/* Begin XCConfigurationList section */
		A74E7BC42944A3EF00587AC5 /* Build configuration list for PBXProject "Portfolio" */ = {
			isa = XCConfigurationList;
			buildConfigurations = (
				A74E7BEB2944A3F000587AC5 /* Debug */,
				A74E7BEC2944A3F000587AC5 /* Release */,
			);
			defaultConfigurationIsVisible = 0;
			defaultConfigurationName = Release;
		};
		A74E7BED2944A3F000587AC5 /* Build configuration list for PBXNativeTarget "Portfolio" */ = {
			isa = XCConfigurationList;
			buildConfigurations = (
				A74E7BEE2944A3F000587AC5 /* Debug */,
				A74E7BEF2944A3F000587AC5 /* Release */,
			);
			defaultConfigurationIsVisible = 0;
			defaultConfigurationName = Release;
		};
		A74E7BF02944A3F000587AC5 /* Build configuration list for PBXNativeTarget "PortfolioTests" */ = {
			isa = XCConfigurationList;
			buildConfigurations = (
				A74E7BF12944A3F000587AC5 /* Debug */,
				A74E7BF22944A3F000587AC5 /* Release */,
			);
			defaultConfigurationIsVisible = 0;
			defaultConfigurationName = Release;
		};
		A74E7BF32944A3F000587AC5 /* Build configuration list for PBXNativeTarget "PortfolioUITests" */ = {
			isa = XCConfigurationList;
			buildConfigurations = (
				A74E7BF42944A3F000587AC5 /* Debug */,
				A74E7BF52944A3F000587AC5 /* Release */,
			);
			defaultConfigurationIsVisible = 0;
			defaultConfigurationName = Release;
		};
/* End XCConfigurationList section */
	};
	rootObject = A74E7BC12944A3EF00587AC5 /* Project object */;
}
